// !$*UTF8*$!
{
	archiveVersion = 1;
	classes = {
	};
	objectVersion = 50;
	objects = {

/* Begin PBXBuildFile section */
		A9AD53F524E8DCB6003AA446 /* AppDelegate.swift in Sources */ = {isa = PBXBuildFile; fileRef = A9AD53F424E8DCB6003AA446 /* AppDelegate.swift */; };
		A9AD53F724E8DCB6003AA446 /* SceneDelegate.swift in Sources */ = {isa = PBXBuildFile; fileRef = A9AD53F624E8DCB6003AA446 /* SceneDelegate.swift */; };
		A9AD53F924E8DCB6003AA446 /* MainController.swift in Sources */ = {isa = PBXBuildFile; fileRef = A9AD53F824E8DCB6003AA446 /* MainController.swift */; };
		A9AD53FC24E8DCB6003AA446 /* Main.storyboard in Resources */ = {isa = PBXBuildFile; fileRef = A9AD53FA24E8DCB6003AA446 /* Main.storyboard */; };
		A9AD53FE24E8DCB8003AA446 /* Assets.xcassets in Resources */ = {isa = PBXBuildFile; fileRef = A9AD53FD24E8DCB8003AA446 /* Assets.xcassets */; };
		A9AD540124E8DCB8003AA446 /* LaunchScreen.storyboard in Resources */ = {isa = PBXBuildFile; fileRef = A9AD53FF24E8DCB8003AA446 /* LaunchScreen.storyboard */; };
		A9AD540C24E8DE09003AA446 /* GenreCell.swift in Sources */ = {isa = PBXBuildFile; fileRef = A9AD540B24E8DE09003AA446 /* GenreCell.swift */; };
		A9AD540E24E99CBC003AA446 /* BookGenre.swift in Sources */ = {isa = PBXBuildFile; fileRef = A9AD540D24E99CBC003AA446 /* BookGenre.swift */; };
		A9AD541024E99F35003AA446 /* Book.swift in Sources */ = {isa = PBXBuildFile; fileRef = A9AD540F24E99F35003AA446 /* Book.swift */; };
		A9AD541224E99F66003AA446 /* BookCell.swift in Sources */ = {isa = PBXBuildFile; fileRef = A9AD541124E99F66003AA446 /* BookCell.swift */; };
		A9AD541424E9A27C003AA446 /* GenreController.swift in Sources */ = {isa = PBXBuildFile; fileRef = A9AD541324E9A27C003AA446 /* GenreController.swift */; };
		A9AD541624E9C7ED003AA446 /* DataSet.swift in Sources */ = {isa = PBXBuildFile; fileRef = A9AD541524E9C7ED003AA446 /* DataSet.swift */; };
		A9AD541824EB860F003AA446 /* BookController.swift in Sources */ = {isa = PBXBuildFile; fileRef = A9AD541724EB860F003AA446 /* BookController.swift */; };
		A9AD541A24EC8218003AA446 /* CustomLabel.swift in Sources */ = {isa = PBXBuildFile; fileRef = A9AD541924EC8218003AA446 /* CustomLabel.swift */; };
		A9AD541C24EEEA8D003AA446 /* NewBookController.swift in Sources */ = {isa = PBXBuildFile; fileRef = A9AD541B24EEEA8C003AA446 /* NewBookController.swift */; };
		A9AD541E24EF1E8F003AA446 /* CustomTextView.swift in Sources */ = {isa = PBXBuildFile; fileRef = A9AD541D24EF1E8F003AA446 /* CustomTextView.swift */; };
		A9AD542024F13C44003AA446 /* Constants.swift in Sources */ = {isa = PBXBuildFile; fileRef = A9AD541F24F13C43003AA446 /* Constants.swift */; };
/* End PBXBuildFile section */

/* Begin PBXFileReference section */
		A9AD53F124E8DCB6003AA446 /* Bookly.app */ = {isa = PBXFileReference; explicitFileType = wrapper.application; includeInIndex = 0; path = Bookly.app; sourceTree = BUILT_PRODUCTS_DIR; };
		A9AD53F424E8DCB6003AA446 /* AppDelegate.swift */ = {isa = PBXFileReference; lastKnownFileType = sourcecode.swift; path = AppDelegate.swift; sourceTree = "<group>"; };
		A9AD53F624E8DCB6003AA446 /* SceneDelegate.swift */ = {isa = PBXFileReference; lastKnownFileType = sourcecode.swift; path = SceneDelegate.swift; sourceTree = "<group>"; };
		A9AD53F824E8DCB6003AA446 /* MainController.swift */ = {isa = PBXFileReference; lastKnownFileType = sourcecode.swift; path = MainController.swift; sourceTree = "<group>"; };
		A9AD53FB24E8DCB6003AA446 /* Base */ = {isa = PBXFileReference; lastKnownFileType = file.storyboard; name = Base; path = Base.lproj/Main.storyboard; sourceTree = "<group>"; };
		A9AD53FD24E8DCB8003AA446 /* Assets.xcassets */ = {isa = PBXFileReference; lastKnownFileType = folder.assetcatalog; path = Assets.xcassets; sourceTree = "<group>"; };
		A9AD540024E8DCB8003AA446 /* Base */ = {isa = PBXFileReference; lastKnownFileType = file.storyboard; name = Base; path = Base.lproj/LaunchScreen.storyboard; sourceTree = "<group>"; };
		A9AD540224E8DCB8003AA446 /* Info.plist */ = {isa = PBXFileReference; lastKnownFileType = text.plist.xml; path = Info.plist; sourceTree = "<group>"; };
		A9AD540B24E8DE09003AA446 /* GenreCell.swift */ = {isa = PBXFileReference; lastKnownFileType = sourcecode.swift; path = GenreCell.swift; sourceTree = "<group>"; };
		A9AD540D24E99CBC003AA446 /* BookGenre.swift */ = {isa = PBXFileReference; lastKnownFileType = sourcecode.swift; path = BookGenre.swift; sourceTree = "<group>"; };
		A9AD540F24E99F35003AA446 /* Book.swift */ = {isa = PBXFileReference; lastKnownFileType = sourcecode.swift; path = Book.swift; sourceTree = "<group>"; };
		A9AD541124E99F66003AA446 /* BookCell.swift */ = {isa = PBXFileReference; lastKnownFileType = sourcecode.swift; path = BookCell.swift; sourceTree = "<group>"; };
		A9AD541324E9A27C003AA446 /* GenreController.swift */ = {isa = PBXFileReference; lastKnownFileType = sourcecode.swift; path = GenreController.swift; sourceTree = "<group>"; };
		A9AD541524E9C7ED003AA446 /* DataSet.swift */ = {isa = PBXFileReference; lastKnownFileType = sourcecode.swift; path = DataSet.swift; sourceTree = "<group>"; };
		A9AD541724EB860F003AA446 /* BookController.swift */ = {isa = PBXFileReference; lastKnownFileType = sourcecode.swift; path = BookController.swift; sourceTree = "<group>"; };
		A9AD541924EC8218003AA446 /* CustomLabel.swift */ = {isa = PBXFileReference; lastKnownFileType = sourcecode.swift; path = CustomLabel.swift; sourceTree = "<group>"; };
		A9AD541B24EEEA8C003AA446 /* NewBookController.swift */ = {isa = PBXFileReference; lastKnownFileType = sourcecode.swift; path = NewBookController.swift; sourceTree = "<group>"; };
		A9AD541D24EF1E8F003AA446 /* CustomTextView.swift */ = {isa = PBXFileReference; lastKnownFileType = sourcecode.swift; path = CustomTextView.swift; sourceTree = "<group>"; };
		A9AD541F24F13C43003AA446 /* Constants.swift */ = {isa = PBXFileReference; lastKnownFileType = sourcecode.swift; path = Constants.swift; sourceTree = "<group>"; };
/* End PBXFileReference section */

/* Begin PBXFrameworksBuildPhase section */
		A9AD53EE24E8DCB6003AA446 /* Frameworks */ = {
			isa = PBXFrameworksBuildPhase;
			buildActionMask = 2147483647;
			files = (
			);
			runOnlyForDeploymentPostprocessing = 0;
		};
/* End PBXFrameworksBuildPhase section */

/* Begin PBXGroup section */
		A9AD53E824E8DCB6003AA446 = {
			isa = PBXGroup;
			children = (
				A9AD53F324E8DCB6003AA446 /* Bookly */,
				A9AD53F224E8DCB6003AA446 /* Products */,
			);
			sourceTree = "<group>";
		};
		A9AD53F224E8DCB6003AA446 /* Products */ = {
			isa = PBXGroup;
			children = (
				A9AD53F124E8DCB6003AA446 /* Bookly.app */,
			);
			name = Products;
			sourceTree = "<group>";
		};
		A9AD53F324E8DCB6003AA446 /* Bookly */ = {
			isa = PBXGroup;
			children = (
				A9AD540A24E8DDE3003AA446 /* Controller */,
				A9AD540924E8DDDF003AA446 /* View */,
				A9AD540824E8DDDA003AA446 /* Model */,
				A9AD53F424E8DCB6003AA446 /* AppDelegate.swift */,
				A9AD53F624E8DCB6003AA446 /* SceneDelegate.swift */,
				A9AD53FA24E8DCB6003AA446 /* Main.storyboard */,
				A9AD53FD24E8DCB8003AA446 /* Assets.xcassets */,
				A9AD53FF24E8DCB8003AA446 /* LaunchScreen.storyboard */,
				A9AD540224E8DCB8003AA446 /* Info.plist */,
				A9AD541F24F13C43003AA446 /* Constants.swift */,
			);
			path = Bookly;
			sourceTree = "<group>";
		};
		A9AD540824E8DDDA003AA446 /* Model */ = {
			isa = PBXGroup;
			children = (
				A9AD540D24E99CBC003AA446 /* BookGenre.swift */,
				A9AD540F24E99F35003AA446 /* Book.swift */,
				A9AD541524E9C7ED003AA446 /* DataSet.swift */,
			);
			path = Model;
			sourceTree = "<group>";
		};
		A9AD540924E8DDDF003AA446 /* View */ = {
			isa = PBXGroup;
			children = (
				A9AD540B24E8DE09003AA446 /* GenreCell.swift */,
				A9AD541124E99F66003AA446 /* BookCell.swift */,
				A9AD541924EC8218003AA446 /* CustomLabel.swift */,
				A9AD541D24EF1E8F003AA446 /* CustomTextView.swift */,
			);
			path = View;
			sourceTree = "<group>";
		};
		A9AD540A24E8DDE3003AA446 /* Controller */ = {
			isa = PBXGroup;
			children = (
				A9AD53F824E8DCB6003AA446 /* MainController.swift */,
				A9AD541324E9A27C003AA446 /* GenreController.swift */,
				A9AD541724EB860F003AA446 /* BookController.swift */,
				A9AD541B24EEEA8C003AA446 /* NewBookController.swift */,
			);
			path = Controller;
			sourceTree = "<group>";
		};
/* End PBXGroup section */

/* Begin PBXNativeTarget section */
		A9AD53F024E8DCB6003AA446 /* Bookly */ = {
			isa = PBXNativeTarget;
			buildConfigurationList = A9AD540524E8DCB8003AA446 /* Build configuration list for PBXNativeTarget "Bookly" */;
			buildPhases = (
				A9AD53ED24E8DCB6003AA446 /* Sources */,
				A9AD53EE24E8DCB6003AA446 /* Frameworks */,
				A9AD53EF24E8DCB6003AA446 /* Resources */,
			);
			buildRules = (
			);
			dependencies = (
			);
			name = Bookly;
			productName = Bookly;
			productReference = A9AD53F124E8DCB6003AA446 /* Bookly.app */;
			productType = "com.apple.product-type.application";
		};
/* End PBXNativeTarget section */

/* Begin PBXProject section */
		A9AD53E924E8DCB6003AA446 /* Project object */ = {
			isa = PBXProject;
			attributes = {
				LastSwiftUpdateCheck = 1130;
				LastUpgradeCheck = 1130;
				ORGANIZATIONNAME = "Meitar Basson";
				TargetAttributes = {
					A9AD53F024E8DCB6003AA446 = {
						CreatedOnToolsVersion = 11.3.1;
					};
				};
			};
			buildConfigurationList = A9AD53EC24E8DCB6003AA446 /* Build configuration list for PBXProject "Bookly" */;
			compatibilityVersion = "Xcode 9.3";
			developmentRegion = en;
			hasScannedForEncodings = 0;
			knownRegions = (
				en,
				Base,
			);
			mainGroup = A9AD53E824E8DCB6003AA446;
			productRefGroup = A9AD53F224E8DCB6003AA446 /* Products */;
			projectDirPath = "";
			projectRoot = "";
			targets = (
				A9AD53F024E8DCB6003AA446 /* Bookly */,
			);
		};
/* End PBXProject section */

/* Begin PBXResourcesBuildPhase section */
		A9AD53EF24E8DCB6003AA446 /* Resources */ = {
			isa = PBXResourcesBuildPhase;
			buildActionMask = 2147483647;
			files = (
				A9AD540124E8DCB8003AA446 /* LaunchScreen.storyboard in Resources */,
				A9AD53FE24E8DCB8003AA446 /* Assets.xcassets in Resources */,
				A9AD53FC24E8DCB6003AA446 /* Main.storyboard in Resources */,
			);
			runOnlyForDeploymentPostprocessing = 0;
		};
/* End PBXResourcesBuildPhase section */

/* Begin PBXSourcesBuildPhase section */
		A9AD53ED24E8DCB6003AA446 /* Sources */ = {
			isa = PBXSourcesBuildPhase;
			buildActionMask = 2147483647;
			files = (
				A9AD541E24EF1E8F003AA446 /* CustomTextView.swift in Sources */,
				A9AD53F924E8DCB6003AA446 /* MainController.swift in Sources */,
				A9AD53F524E8DCB6003AA446 /* AppDelegate.swift in Sources */,
				A9AD541A24EC8218003AA446 /* CustomLabel.swift in Sources */,
				A9AD541024E99F35003AA446 /* Book.swift in Sources */,
				A9AD541624E9C7ED003AA446 /* DataSet.swift in Sources */,
				A9AD541224E99F66003AA446 /* BookCell.swift in Sources */,
				A9AD53F724E8DCB6003AA446 /* SceneDelegate.swift in Sources */,
				A9AD541C24EEEA8D003AA446 /* NewBookController.swift in Sources */,
				A9AD541824EB860F003AA446 /* BookController.swift in Sources */,
				A9AD541424E9A27C003AA446 /* GenreController.swift in Sources */,
				A9AD542024F13C44003AA446 /* Constants.swift in Sources */,
				A9AD540C24E8DE09003AA446 /* GenreCell.swift in Sources */,
				A9AD540E24E99CBC003AA446 /* BookGenre.swift in Sources */,
			);
			runOnlyForDeploymentPostprocessing = 0;
		};
/* End PBXSourcesBuildPhase section */

/* Begin PBXVariantGroup section */
		A9AD53FA24E8DCB6003AA446 /* Main.storyboard */ = {
			isa = PBXVariantGroup;
			children = (
				A9AD53FB24E8DCB6003AA446 /* Base */,
			);
			name = Main.storyboard;
			sourceTree = "<group>";
		};
		A9AD53FF24E8DCB8003AA446 /* LaunchScreen.storyboard */ = {
			isa = PBXVariantGroup;
			children = (
				A9AD540024E8DCB8003AA446 /* Base */,
			);
			name = LaunchScreen.storyboard;
			sourceTree = "<group>";
		};
/* End PBXVariantGroup section */

/* Begin XCBuildConfiguration section */
		A9AD540324E8DCB8003AA446 /* Debug */ = {
			isa = XCBuildConfiguration;
			buildSettings = {
				ALWAYS_SEARCH_USER_PATHS = NO;
				CLANG_ANALYZER_NONNULL = YES;
				CLANG_ANALYZER_NUMBER_OBJECT_CONVERSION = YES_AGGRESSIVE;
				CLANG_CXX_LANGUAGE_STANDARD = "gnu++14";
				CLANG_CXX_LIBRARY = "libc++";
				CLANG_ENABLE_MODULES = YES;
				CLANG_ENABLE_OBJC_ARC = YES;
				CLANG_ENABLE_OBJC_WEAK = YES;
				CLANG_WARN_BLOCK_CAPTURE_AUTORELEASING = YES;
				CLANG_WARN_BOOL_CONVERSION = YES;
				CLANG_WARN_COMMA = YES;
				CLANG_WARN_CONSTANT_CONVERSION = YES;
				CLANG_WARN_DEPRECATED_OBJC_IMPLEMENTATIONS = YES;
				CLANG_WARN_DIRECT_OBJC_ISA_USAGE = YES_ERROR;
				CLANG_WARN_DOCUMENTATION_COMMENTS = YES;
				CLANG_WARN_EMPTY_BODY = YES;
				CLANG_WARN_ENUM_CONVERSION = YES;
				CLANG_WARN_INFINITE_RECURSION = YES;
				CLANG_WARN_INT_CONVERSION = YES;
				CLANG_WARN_NON_LITERAL_NULL_CONVERSION = YES;
				CLANG_WARN_OBJC_IMPLICIT_RETAIN_SELF = YES;
				CLANG_WARN_OBJC_LITERAL_CONVERSION = YES;
				CLANG_WARN_OBJC_ROOT_CLASS = YES_ERROR;
				CLANG_WARN_RANGE_LOOP_ANALYSIS = YES;
				CLANG_WARN_STRICT_PROTOTYPES = YES;
				CLANG_WARN_SUSPICIOUS_MOVE = YES;
				CLANG_WARN_UNGUARDED_AVAILABILITY = YES_AGGRESSIVE;
				CLANG_WARN_UNREACHABLE_CODE = YES;
				CLANG_WARN__DUPLICATE_METHOD_MATCH = YES;
				COPY_PHASE_STRIP = NO;
				DEBUG_INFORMATION_FORMAT = dwarf;
				ENABLE_STRICT_OBJC_MSGSEND = YES;
				ENABLE_TESTABILITY = YES;
				GCC_C_LANGUAGE_STANDARD = gnu11;
				GCC_DYNAMIC_NO_PIC = NO;
				GCC_NO_COMMON_BLOCKS = YES;
				GCC_OPTIMIZATION_LEVEL = 0;
				GCC_PREPROCESSOR_DEFINITIONS = (
					"DEBUG=1",
					"$(inherited)",
				);
				GCC_WARN_64_TO_32_BIT_CONVERSION = YES;
				GCC_WARN_ABOUT_RETURN_TYPE = YES_ERROR;
				GCC_WARN_UNDECLARED_SELECTOR = YES;
				GCC_WARN_UNINITIALIZED_AUTOS = YES_AGGRESSIVE;
				GCC_WARN_UNUSED_FUNCTION = YES;
				GCC_WARN_UNUSED_VARIABLE = YES;
				IPHONEOS_DEPLOYMENT_TARGET = 13.2;
				MTL_ENABLE_DEBUG_INFO = INCLUDE_SOURCE;
				MTL_FAST_MATH = YES;
				ONLY_ACTIVE_ARCH = YES;
				SDKROOT = iphoneos;
				SWIFT_ACTIVE_COMPILATION_CONDITIONS = DEBUG;
				SWIFT_OPTIMIZATION_LEVEL = "-Onone";
			};
			name = Debug;
		};
		A9AD540424E8DCB8003AA446 /* Release */ = {
			isa = XCBuildConfiguration;
			buildSettings = {
				ALWAYS_SEARCH_USER_PATHS = NO;
				CLANG_ANALYZER_NONNULL = YES;
				CLANG_ANALYZER_NUMBER_OBJECT_CONVERSION = YES_AGGRESSIVE;
				CLANG_CXX_LANGUAGE_STANDARD = "gnu++14";
				CLANG_CXX_LIBRARY = "libc++";
				CLANG_ENABLE_MODULES = YES;
				CLANG_ENABLE_OBJC_ARC = YES;
				CLANG_ENABLE_OBJC_WEAK = YES;
				CLANG_WARN_BLOCK_CAPTURE_AUTORELEASING = YES;
				CLANG_WARN_BOOL_CONVERSION = YES;
				CLANG_WARN_COMMA = YES;
				CLANG_WARN_CONSTANT_CONVERSION = YES;
				CLANG_WARN_DEPRECATED_OBJC_IMPLEMENTATIONS = YES;
				CLANG_WARN_DIRECT_OBJC_ISA_USAGE = YES_ERROR;
				CLANG_WARN_DOCUMENTATION_COMMENTS = YES;
				CLANG_WARN_EMPTY_BODY = YES;
				CLANG_WARN_ENUM_CONVERSION = YES;
				CLANG_WARN_INFINITE_RECURSION = YES;
				CLANG_WARN_INT_CONVERSION = YES;
				CLANG_WARN_NON_LITERAL_NULL_CONVERSION = YES;
				CLANG_WARN_OBJC_IMPLICIT_RETAIN_SELF = YES;
				CLANG_WARN_OBJC_LITERAL_CONVERSION = YES;
				CLANG_WARN_OBJC_ROOT_CLASS = YES_ERROR;
				CLANG_WARN_RANGE_LOOP_ANALYSIS = YES;
				CLANG_WARN_STRICT_PROTOTYPES = YES;
				CLANG_WARN_SUSPICIOUS_MOVE = YES;
				CLANG_WARN_UNGUARDED_AVAILABILITY = YES_AGGRESSIVE;
				CLANG_WARN_UNREACHABLE_CODE = YES;
				CLANG_WARN__DUPLICATE_METHOD_MATCH = YES;
				COPY_PHASE_STRIP = NO;
				DEBUG_INFORMATION_FORMAT = "dwarf-with-dsym";
				ENABLE_NS_ASSERTIONS = NO;
				ENABLE_STRICT_OBJC_MSGSEND = YES;
				GCC_C_LANGUAGE_STANDARD = gnu11;
				GCC_NO_COMMON_BLOCKS = YES;
				GCC_WARN_64_TO_32_BIT_CONVERSION = YES;
				GCC_WARN_ABOUT_RETURN_TYPE = YES_ERROR;
				GCC_WARN_UNDECLARED_SELECTOR = YES;
				GCC_WARN_UNINITIALIZED_AUTOS = YES_AGGRESSIVE;
				GCC_WARN_UNUSED_FUNCTION = YES;
				GCC_WARN_UNUSED_VARIABLE = YES;
				IPHONEOS_DEPLOYMENT_TARGET = 13.2;
				MTL_ENABLE_DEBUG_INFO = NO;
				MTL_FAST_MATH = YES;
				SDKROOT = iphoneos;
				SWIFT_COMPILATION_MODE = wholemodule;
				SWIFT_OPTIMIZATION_LEVEL = "-O";
				VALIDATE_PRODUCT = YES;
			};
			name = Release;
		};
		A9AD540624E8DCB8003AA446 /* Debug */ = {
			isa = XCBuildConfiguration;
			buildSettings = {
				ASSETCATALOG_COMPILER_APPICON_NAME = AppIcon;
				CODE_SIGN_STYLE = Automatic;
				DEVELOPMENT_TEAM = 9PG63NVD7U;
				INFOPLIST_FILE = Bookly/Info.plist;
				LD_RUNPATH_SEARCH_PATHS = (
					"$(inherited)",
					"@executable_path/Frameworks",
				);
				PRODUCT_BUNDLE_IDENTIFIER = com.MeiBaps.Bookly;
				PRODUCT_NAME = "$(TARGET_NAME)";
				SWIFT_VERSION = 5.0;
				TARGETED_DEVICE_FAMILY = "1,2";
			};
			name = Debug;
		};
		A9AD540724E8DCB8003AA446 /* Release */ = {
			isa = XCBuildConfiguration;
			buildSettings = {
				ASSETCATALOG_COMPILER_APPICON_NAME = AppIcon;
				CODE_SIGN_STYLE = Automatic;
				DEVELOPMENT_TEAM = 9PG63NVD7U;
				INFOPLIST_FILE = Bookly/Info.plist;
				LD_RUNPATH_SEARCH_PATHS = (
					"$(inherited)",
					"@executable_path/Frameworks",
				);
				PRODUCT_BUNDLE_IDENTIFIER = com.MeiBaps.Bookly;
				PRODUCT_NAME = "$(TARGET_NAME)";
				SWIFT_VERSION = 5.0;
				TARGETED_DEVICE_FAMILY = "1,2";
			};
			name = Release;
		};
/* End XCBuildConfiguration section */

/* Begin XCConfigurationList section */
		A9AD53EC24E8DCB6003AA446 /* Build configuration list for PBXProject "Bookly" */ = {
			isa = XCConfigurationList;
			buildConfigurations = (
				A9AD540324E8DCB8003AA446 /* Debug */,
				A9AD540424E8DCB8003AA446 /* Release */,
			);
			defaultConfigurationIsVisible = 0;
			defaultConfigurationName = Release;
		};
		A9AD540524E8DCB8003AA446 /* Build configuration list for PBXNativeTarget "Bookly" */ = {
			isa = XCConfigurationList;
			buildConfigurations = (
				A9AD540624E8DCB8003AA446 /* Debug */,
				A9AD540724E8DCB8003AA446 /* Release */,
			);
			defaultConfigurationIsVisible = 0;
			defaultConfigurationName = Release;
		};
/* End XCConfigurationList section */
	};
	rootObject = A9AD53E924E8DCB6003AA446 /* Project object */;
}
